
Microsoft Visual Studio Solution File, Format Version 12.00
# Visual Studio Version 17
VisualStudioVersion = 17.4.33403.182
MinimumVisualStudioVersion = 10.0.40219.1
Project("{9A19103F-16F7-4668-BE54-9A1E7A4F7556}") = "NewBorForCI", "NewBorForCI\NewBorForCI.csproj", "{9A77CDBE-D0EE-4CED-B5B7-92B3567E6BAE}"
EndProject
Project("{9A19103F-16F7-4668-BE54-9A1E7A4F7556}") = "TestsTrie", "TestsBor\TestsTrie.csproj", "{8ECB64A5-1B15-4C3F-85A6-34DDE66CE741}"
EndProject
Global
	GlobalSection(SolutionConfigurationPlatforms) = preSolution
		Debug|Any CPU = Debug|Any CPU
		Release|Any CPU = Release|Any CPU
	EndGlobalSection
	GlobalSection(ProjectConfigurationPlatforms) = postSolution
		{9A77CDBE-D0EE-4CED-B5B7-92B3567E6BAE}.Debug|Any CPU.ActiveCfg = Debug|Any CPU
		{9A77CDBE-D0EE-4CED-B5B7-92B3567E6BAE}.Debug|Any CPU.Build.0 = Debug|Any CPU
		{9A77CDBE-D0EE-4CED-B5B7-92B3567E6BAE}.Release|Any CPU.ActiveCfg = Release|Any CPU
		{9A77CDBE-D0EE-4CED-B5B7-92B3567E6BAE}.Release|Any CPU.Build.0 = Release|Any CPU
		{8ECB64A5-1B15-4C3F-85A6-34DDE66CE741}.Debug|Any CPU.ActiveCfg = Debug|Any CPU
		{8ECB64A5-1B15-4C3F-85A6-34DDE66CE741}.Debug|Any CPU.Build.0 = Debug|Any CPU
		{8ECB64A5-1B15-4C3F-85A6-34DDE66CE741}.Release|Any CPU.ActiveCfg = Release|Any CPU
		{8ECB64A5-1B15-4C3F-85A6-34DDE66CE741}.Release|Any CPU.Build.0 = Release|Any CPU
	EndGlobalSection
	GlobalSection(SolutionProperties) = preSolution
		HideSolutionNode = FALSE
	EndGlobalSection
	GlobalSection(ExtensibilityGlobals) = postSolution
		SolutionGuid = {22B84F78-A6D8-4810-95B6-A79AEF403E7F}
	EndGlobalSection
EndGlobal
