
Microsoft Visual Studio Solution File, Format Version 12.00
# Visual Studio Version 17
VisualStudioVersion = 17.4.33403.182
MinimumVisualStudioVersion = 10.0.40219.1
Project("{FAE04EC0-301F-11D3-BF4B-00C04F79EFBC}") = "SkipList", "SkipList\SkipList.csproj", "{4E18C267-E75F-45DB-B932-31593D09697E}"
EndProject
Project("{FAE04EC0-301F-11D3-BF4B-00C04F79EFBC}") = "TestsForSkipList", "TestsForSkipList\TestsForSkipList.csproj", "{6DA9CE59-BE2C-4893-8881-7D2BC3B808BD}"
EndProject
Global
	GlobalSection(SolutionConfigurationPlatforms) = preSolution
		Debug|Any CPU = Debug|Any CPU
		Release|Any CPU = Release|Any CPU
	EndGlobalSection
	GlobalSection(ProjectConfigurationPlatforms) = postSolution
		{4E18C267-E75F-45DB-B932-31593D09697E}.Debug|Any CPU.ActiveCfg = Debug|Any CPU
		{4E18C267-E75F-45DB-B932-31593D09697E}.Debug|Any CPU.Build.0 = Debug|Any CPU
		{4E18C267-E75F-45DB-B932-31593D09697E}.Release|Any CPU.ActiveCfg = Release|Any CPU
		{4E18C267-E75F-45DB-B932-31593D09697E}.Release|Any CPU.Build.0 = Release|Any CPU
		{6DA9CE59-BE2C-4893-8881-7D2BC3B808BD}.Debug|Any CPU.ActiveCfg = Debug|Any CPU
		{6DA9CE59-BE2C-4893-8881-7D2BC3B808BD}.Debug|Any CPU.Build.0 = Debug|Any CPU
		{6DA9CE59-BE2C-4893-8881-7D2BC3B808BD}.Release|Any CPU.ActiveCfg = Release|Any CPU
		{6DA9CE59-BE2C-4893-8881-7D2BC3B808BD}.Release|Any CPU.Build.0 = Release|Any CPU
	EndGlobalSection
	GlobalSection(SolutionProperties) = preSolution
		HideSolutionNode = FALSE
	EndGlobalSection
	GlobalSection(ExtensibilityGlobals) = postSolution
		SolutionGuid = {9FBA4961-6031-4E7B-87CC-E0F7812D9517}
	EndGlobalSection
EndGlobal
