
Microsoft Visual Studio Solution File, Format Version 12.00
# Visual Studio Version 17
VisualStudioVersion = 17.4.33403.182
MinimumVisualStudioVersion = 10.0.40219.1
Project("{FAE04EC0-301F-11D3-BF4B-00C04F79EFBC}") = "FilterFoldMap", "FilterFoldMap\FilterFoldMap.csproj", "{340904FA-0366-4E8A-B2EB-015B49CCCC73}"
EndProject
Global
	GlobalSection(SolutionConfigurationPlatforms) = preSolution
		Debug|Any CPU = Debug|Any CPU
		Release|Any CPU = Release|Any CPU
	EndGlobalSection
	GlobalSection(ProjectConfigurationPlatforms) = postSolution
		{340904FA-0366-4E8A-B2EB-015B49CCCC73}.Debug|Any CPU.ActiveCfg = Debug|Any CPU
		{340904FA-0366-4E8A-B2EB-015B49CCCC73}.Debug|Any CPU.Build.0 = Debug|Any CPU
		{340904FA-0366-4E8A-B2EB-015B49CCCC73}.Release|Any CPU.ActiveCfg = Release|Any CPU
		{340904FA-0366-4E8A-B2EB-015B49CCCC73}.Release|Any CPU.Build.0 = Release|Any CPU
	EndGlobalSection
	GlobalSection(SolutionProperties) = preSolution
		HideSolutionNode = FALSE
	EndGlobalSection
	GlobalSection(ExtensibilityGlobals) = postSolution
		SolutionGuid = {6777423C-FDA1-4947-AE5E-CE0822B66085}
	EndGlobalSection
EndGlobal
