Microsoft Visual Studio Solution File, Format Version 12.00
# Visual Studio Version 17
VisualStudioVersion = 17.4.33403.182
MinimumVisualStudioVersion = 10.0.40219.1
Project("{9A19103F-16F7-4668-BE54-9A1E7A4F7556}") = "ParsingTree", "ParsingTree\ParsingTree.csproj", "{E7D3B03D-F74E-4781-9DF2-0CB24880162A}"
EndProject
Project("{9A19103F-16F7-4668-BE54-9A1E7A4F7556}") = "TestsForParsingTree", "TestsForParsingTree\TestsForParsingTree.csproj", "{92559259-B410-4FB3-B4A7-0A8AE15F68B1}"
EndProject
Global
	GlobalSection(SolutionConfigurationPlatforms) = preSolution
		Debug|Any CPU = Debug|Any CPU
		Release|Any CPU = Release|Any CPU
	EndGlobalSection
	GlobalSection(ProjectConfigurationPlatforms) = postSolution
		{E7D3B03D-F74E-4781-9DF2-0CB24880162A}.Debug|Any CPU.ActiveCfg = Debug|Any CPU
		{E7D3B03D-F74E-4781-9DF2-0CB24880162A}.Debug|Any CPU.Build.0 = Debug|Any CPU
		{E7D3B03D-F74E-4781-9DF2-0CB24880162A}.Release|Any CPU.ActiveCfg = Release|Any CPU
		{E7D3B03D-F74E-4781-9DF2-0CB24880162A}.Release|Any CPU.Build.0 = Release|Any CPU
		{92559259-B410-4FB3-B4A7-0A8AE15F68B1}.Debug|Any CPU.ActiveCfg = Debug|Any CPU
		{92559259-B410-4FB3-B4A7-0A8AE15F68B1}.Debug|Any CPU.Build.0 = Debug|Any CPU
		{92559259-B410-4FB3-B4A7-0A8AE15F68B1}.Release|Any CPU.ActiveCfg = Release|Any CPU
		{92559259-B410-4FB3-B4A7-0A8AE15F68B1}.Release|Any CPU.Build.0 = Release|Any CPU
	EndGlobalSection
	GlobalSection(SolutionProperties) = preSolution
		HideSolutionNode = FALSE
	EndGlobalSection
	GlobalSection(ExtensibilityGlobals) = postSolution
		SolutionGuid = {4AF94C07-C87B-41B8-9B20-62E8562E599A}
	EndGlobalSection
EndGlobal
