
Microsoft Visual Studio Solution File, Format Version 12.00
# Visual Studio Version 17
VisualStudioVersion = 17.4.33403.182
MinimumVisualStudioVersion = 10.0.40219.1
Project("{9A19103F-16F7-4668-BE54-9A1E7A4F7556}") = "FTPServer", "FTPServer\FTPServer.csproj", "{7E00A164-2E25-4423-81B1-F715677E61C6}"
EndProject
Project("{FAE04EC0-301F-11D3-BF4B-00C04F79EFBC}") = "FTPClient", "FTPClient\FTPClient.csproj", "{EEBF2B03-FF89-460E-AB7F-4F515621B0F2}"
EndProject
Global
	GlobalSection(SolutionConfigurationPlatforms) = preSolution
		Debug|Any CPU = Debug|Any CPU
		Release|Any CPU = Release|Any CPU
	EndGlobalSection
	GlobalSection(ProjectConfigurationPlatforms) = postSolution
		{7E00A164-2E25-4423-81B1-F715677E61C6}.Debug|Any CPU.ActiveCfg = Debug|Any CPU
		{7E00A164-2E25-4423-81B1-F715677E61C6}.Debug|Any CPU.Build.0 = Debug|Any CPU
		{7E00A164-2E25-4423-81B1-F715677E61C6}.Release|Any CPU.ActiveCfg = Release|Any CPU
		{7E00A164-2E25-4423-81B1-F715677E61C6}.Release|Any CPU.Build.0 = Release|Any CPU
		{EEBF2B03-FF89-460E-AB7F-4F515621B0F2}.Debug|Any CPU.ActiveCfg = Debug|Any CPU
		{EEBF2B03-FF89-460E-AB7F-4F515621B0F2}.Debug|Any CPU.Build.0 = Debug|Any CPU
		{EEBF2B03-FF89-460E-AB7F-4F515621B0F2}.Release|Any CPU.ActiveCfg = Release|Any CPU
		{EEBF2B03-FF89-460E-AB7F-4F515621B0F2}.Release|Any CPU.Build.0 = Release|Any CPU
	EndGlobalSection
	GlobalSection(SolutionProperties) = preSolution
		HideSolutionNode = FALSE
	EndGlobalSection
	GlobalSection(ExtensibilityGlobals) = postSolution
		SolutionGuid = {EB17B186-8F83-44B3-BA29-AFC9F8C03AEA}
	EndGlobalSection
EndGlobal
