
Microsoft Visual Studio Solution File, Format Version 12.00
# Visual Studio Version 17
VisualStudioVersion = 17.4.33403.182
MinimumVisualStudioVersion = 10.0.40219.1
Project("{FAE04EC0-301F-11D3-BF4B-00C04F79EFBC}") = "Bor", "Bor\Bor.csproj", "{5CEA5896-9CC3-4F02-90BF-DC6F85F2A3A1}"
EndProject
Project("{FAE04EC0-301F-11D3-BF4B-00C04F79EFBC}") = "BorTest", "BorTest\BorTest.csproj", "{0CD6D566-31A1-495A-B839-D6ABB8B650D6}"
EndProject
Global
	GlobalSection(SolutionConfigurationPlatforms) = preSolution
		Debug|Any CPU = Debug|Any CPU
		Release|Any CPU = Release|Any CPU
	EndGlobalSection
	GlobalSection(ProjectConfigurationPlatforms) = postSolution
		{5CEA5896-9CC3-4F02-90BF-DC6F85F2A3A1}.Debug|Any CPU.ActiveCfg = Debug|Any CPU
		{5CEA5896-9CC3-4F02-90BF-DC6F85F2A3A1}.Debug|Any CPU.Build.0 = Debug|Any CPU
		{5CEA5896-9CC3-4F02-90BF-DC6F85F2A3A1}.Release|Any CPU.ActiveCfg = Release|Any CPU
		{5CEA5896-9CC3-4F02-90BF-DC6F85F2A3A1}.Release|Any CPU.Build.0 = Release|Any CPU
		{0CD6D566-31A1-495A-B839-D6ABB8B650D6}.Debug|Any CPU.ActiveCfg = Debug|Any CPU
		{0CD6D566-31A1-495A-B839-D6ABB8B650D6}.Debug|Any CPU.Build.0 = Debug|Any CPU
		{0CD6D566-31A1-495A-B839-D6ABB8B650D6}.Release|Any CPU.ActiveCfg = Release|Any CPU
		{0CD6D566-31A1-495A-B839-D6ABB8B650D6}.Release|Any CPU.Build.0 = Release|Any CPU
	EndGlobalSection
	GlobalSection(SolutionProperties) = preSolution
		HideSolutionNode = FALSE
	EndGlobalSection
	GlobalSection(ExtensibilityGlobals) = postSolution
		SolutionGuid = {54281C5E-DB00-4ACD-A071-1FB58D538B0E}
	EndGlobalSection
EndGlobal
