
Microsoft Visual Studio Solution File, Format Version 12.00
# Visual Studio Version 17
VisualStudioVersion = 17.4.33403.182
MinimumVisualStudioVersion = 10.0.40219.1
Project("{FAE04EC0-301F-11D3-BF4B-00C04F79EFBC}") = "3SemestrKr1", "3SemestrKr1\3SemestrKr1.csproj", "{AB1D2303-6545-4CCD-87E5-1E5485F7F187}"
EndProject
Global
	GlobalSection(SolutionConfigurationPlatforms) = preSolution
		Debug|Any CPU = Debug|Any CPU
		Release|Any CPU = Release|Any CPU
	EndGlobalSection
	GlobalSection(ProjectConfigurationPlatforms) = postSolution
		{AB1D2303-6545-4CCD-87E5-1E5485F7F187}.Debug|Any CPU.ActiveCfg = Debug|Any CPU
		{AB1D2303-6545-4CCD-87E5-1E5485F7F187}.Debug|Any CPU.Build.0 = Debug|Any CPU
		{AB1D2303-6545-4CCD-87E5-1E5485F7F187}.Release|Any CPU.ActiveCfg = Release|Any CPU
		{AB1D2303-6545-4CCD-87E5-1E5485F7F187}.Release|Any CPU.Build.0 = Release|Any CPU
	EndGlobalSection
	GlobalSection(SolutionProperties) = preSolution
		HideSolutionNode = FALSE
	EndGlobalSection
	GlobalSection(ExtensibilityGlobals) = postSolution
		SolutionGuid = {DC079B2E-8D6D-48F5-B092-E5AA61958569}
	EndGlobalSection
EndGlobal
